// !$*UTF8*$!
{
	archiveVersion = 1;
	classes = {
	};
	objectVersion = 46;
	objects = {

/* Begin PBXBuildFile section */
		3C1026D31AF7B68700C771A7 /* plus-48@2x.png in Resources */ = {isa = PBXBuildFile; fileRef = 3C1026D21AF7B68700C771A7 /* plus-48@2x.png */; };
		3C1026D61AF7B9AD00C771A7 /* down-50@2x.png in Resources */ = {isa = PBXBuildFile; fileRef = 3C1026D41AF7B9AD00C771A7 /* down-50@2x.png */; };
		3C1026D71AF7B9AD00C771A7 /* downpour-50@2x.png in Resources */ = {isa = PBXBuildFile; fileRef = 3C1026D51AF7B9AD00C771A7 /* downpour-50@2x.png */; };
		3C1026DD1AF7B9B700C771A7 /* fog_day-48@2x.png in Resources */ = {isa = PBXBuildFile; fileRef = 3C1026D81AF7B9B700C771A7 /* fog_day-48@2x.png */; };
		3C1026DE1AF7B9B700C771A7 /* fog_day-50@2x.png in Resources */ = {isa = PBXBuildFile; fileRef = 3C1026D91AF7B9B700C771A7 /* fog_day-50@2x.png */; };
		3C1026DF1AF7B9B700C771A7 /* little_rain-50@2x.png in Resources */ = {isa = PBXBuildFile; fileRef = 3C1026DA1AF7B9B700C771A7 /* little_rain-50@2x.png */; };
		3C1026E01AF7B9B700C771A7 /* partly_cloudy_day-48@2x.png in Resources */ = {isa = PBXBuildFile; fileRef = 3C1026DB1AF7B9B700C771A7 /* partly_cloudy_day-48@2x.png */; };
		3C1026E11AF7B9B700C771A7 /* partly_cloudy_day-50@2x.png in Resources */ = {isa = PBXBuildFile; fileRef = 3C1026DC1AF7B9B700C771A7 /* partly_cloudy_day-50@2x.png */; };
		3C1026E91AF7B9C100C771A7 /* rain-48@2x.png in Resources */ = {isa = PBXBuildFile; fileRef = 3C1026E21AF7B9C100C771A7 /* rain-48@2x.png */; };
		3C1026EA1AF7B9C100C771A7 /* rain-50@2x.png in Resources */ = {isa = PBXBuildFile; fileRef = 3C1026E31AF7B9C100C771A7 /* rain-50@2x.png */; };
		3C1026EB1AF7B9C100C771A7 /* storm-48@2x.png in Resources */ = {isa = PBXBuildFile; fileRef = 3C1026E41AF7B9C100C771A7 /* storm-48@2x.png */; };
		3C1026EC1AF7B9C100C771A7 /* storm-50@2x.png in Resources */ = {isa = PBXBuildFile; fileRef = 3C1026E51AF7B9C100C771A7 /* storm-50@2x.png */; };
		3C1026ED1AF7B9C100C771A7 /* summer-48@2x.png in Resources */ = {isa = PBXBuildFile; fileRef = 3C1026E61AF7B9C100C771A7 /* summer-48@2x.png */; };
		3C1026EE1AF7B9C100C771A7 /* summer-50@2x.png in Resources */ = {isa = PBXBuildFile; fileRef = 3C1026E71AF7B9C100C771A7 /* summer-50@2x.png */; };
		3C1026EF1AF7B9C100C771A7 /* up-50@2x.png in Resources */ = {isa = PBXBuildFile; fileRef = 3C1026E81AF7B9C100C771A7 /* up-50@2x.png */; };
		3C1026F41AF7BAC500C771A7 /* little_rain-48@2x.png in Resources */ = {isa = PBXBuildFile; fileRef = 3C1026F31AF7BAC500C771A7 /* little_rain-48@2x.png */; };
		3C1026F81AF854C200C771A7 /* Reachability.m in Sources */ = {isa = PBXBuildFile; fileRef = 3C1026F71AF854C200C771A7 /* Reachability.m */; };
		3C1026FA1AF8550B00C771A7 /* SystemConfiguration.framework in Frameworks */ = {isa = PBXBuildFile; fileRef = 3C1026F91AF8550B00C771A7 /* SystemConfiguration.framework */; };
		3C2035231AF9325D00C99CAE /* countries.txt in Resources */ = {isa = PBXBuildFile; fileRef = 3C2035211AF9325D00C99CAE /* countries.txt */; };
		3C2035241AF9325D00C99CAE /* country-codes.txt in Resources */ = {isa = PBXBuildFile; fileRef = 3C2035221AF9325D00C99CAE /* country-codes.txt */; };
		3C20352A1AF95B8600C99CAE /* fog_night-50@2x.png in Resources */ = {isa = PBXBuildFile; fileRef = 3C2035251AF95B8600C99CAE /* fog_night-50@2x.png */; };
		3C20352B1AF95B8600C99CAE /* light_snow-50@2x.png in Resources */ = {isa = PBXBuildFile; fileRef = 3C2035261AF95B8600C99CAE /* light_snow-50@2x.png */; };
		3C20352C1AF95B8600C99CAE /* moon-50@2x.png in Resources */ = {isa = PBXBuildFile; fileRef = 3C2035271AF95B8600C99CAE /* moon-50@2x.png */; };
		3C20352D1AF95B8600C99CAE /* partly_cloudy_night-50@2x.png in Resources */ = {isa = PBXBuildFile; fileRef = 3C2035281AF95B8600C99CAE /* partly_cloudy_night-50@2x.png */; };
		3C20352E1AF95B8600C99CAE /* snow-50@2x.png in Resources */ = {isa = PBXBuildFile; fileRef = 3C2035291AF95B8600C99CAE /* snow-50@2x.png */; };
		3C2035441AF991EC00C99CAE /* background4@2x.jpg in Resources */ = {isa = PBXBuildFile; fileRef = 3C20353D1AF991EC00C99CAE /* background4@2x.jpg */; };
		3C2035451AF991EC00C99CAE /* background5@2x.jpg in Resources */ = {isa = PBXBuildFile; fileRef = 3C20353E1AF991EC00C99CAE /* background5@2x.jpg */; };
		3C2035461AF991EC00C99CAE /* background6@2x.jpg in Resources */ = {isa = PBXBuildFile; fileRef = 3C20353F1AF991EC00C99CAE /* background6@2x.jpg */; };
		3C2035471AF991EC00C99CAE /* background7@2x.jpg in Resources */ = {isa = PBXBuildFile; fileRef = 3C2035401AF991EC00C99CAE /* background7@2x.jpg */; };
		3C2035481AF991EC00C99CAE /* background8@2x.jpg in Resources */ = {isa = PBXBuildFile; fileRef = 3C2035411AF991EC00C99CAE /* background8@2x.jpg */; };
		3C2035491AF991EC00C99CAE /* background9@2x.jpg in Resources */ = {isa = PBXBuildFile; fileRef = 3C2035421AF991EC00C99CAE /* background9@2x.jpg */; };
		3C20354A1AF991EC00C99CAE /* background10@2x.jpg in Resources */ = {isa = PBXBuildFile; fileRef = 3C2035431AF991EC00C99CAE /* background10@2x.jpg */; };
		3C20354E1AF991F600C99CAE /* background1@2x.jpg in Resources */ = {isa = PBXBuildFile; fileRef = 3C20354B1AF991F600C99CAE /* background1@2x.jpg */; };
		3C20354F1AF991F600C99CAE /* background2@2x.jpg in Resources */ = {isa = PBXBuildFile; fileRef = 3C20354C1AF991F600C99CAE /* background2@2x.jpg */; };
		3C2035501AF991F600C99CAE /* background3@2x.jpg in Resources */ = {isa = PBXBuildFile; fileRef = 3C20354D1AF991F600C99CAE /* background3@2x.jpg */; };
		3C2937BA1AF3F6E900399A21 /* AppDelegate.swift in Sources */ = {isa = PBXBuildFile; fileRef = 3C2937B91AF3F6E900399A21 /* AppDelegate.swift */; };
		3C2937BC1AF3F6E900399A21 /* MainViewController.swift in Sources */ = {isa = PBXBuildFile; fileRef = 3C2937BB1AF3F6E900399A21 /* MainViewController.swift */; };
		3C2937BF1AF3F6E900399A21 /* Main.storyboard in Resources */ = {isa = PBXBuildFile; fileRef = 3C2937BD1AF3F6E900399A21 /* Main.storyboard */; };
		3C2937C11AF3F6E900399A21 /* Images.xcassets in Resources */ = {isa = PBXBuildFile; fileRef = 3C2937C01AF3F6E900399A21 /* Images.xcassets */; };
		3C2937C41AF3F6E900399A21 /* LaunchScreen.xib in Resources */ = {isa = PBXBuildFile; fileRef = 3C2937C21AF3F6E900399A21 /* LaunchScreen.xib */; };
		3C2937D01AF3F6E900399A21 /* LoyaltyOneTests.swift in Sources */ = {isa = PBXBuildFile; fileRef = 3C2937CF1AF3F6E900399A21 /* LoyaltyOneTests.swift */; };
		3C2937DA1AF4008A00399A21 /* Podfile in Resources */ = {isa = PBXBuildFile; fileRef = 3C2937D91AF4008A00399A21 /* Podfile */; };
		3C2937EA1AF4077C00399A21 /* AppHelper.swift in Sources */ = {isa = PBXBuildFile; fileRef = 3C2937E91AF4077C00399A21 /* AppHelper.swift */; };
		3C2938001AF4197000399A21 /* Lato-Hairline.otf in Resources */ = {isa = PBXBuildFile; fileRef = 3C2937FD1AF4197000399A21 /* Lato-Hairline.otf */; };
		3C2938011AF4197000399A21 /* Lato-Light.otf in Resources */ = {isa = PBXBuildFile; fileRef = 3C2937FE1AF4197000399A21 /* Lato-Light.otf */; };
		3C2938021AF4197000399A21 /* Lato-Regular.otf in Resources */ = {isa = PBXBuildFile; fileRef = 3C2937FF1AF4197000399A21 /* Lato-Regular.otf */; };
		3C7030BF1AF671A00075E648 /* WeatherView.swift in Sources */ = {isa = PBXBuildFile; fileRef = 3C7030BE1AF671A00075E648 /* WeatherView.swift */; };
		3CEA7F051AF72D68000B7671 /* collapse_arrow@2x.png in Resources */ = {isa = PBXBuildFile; fileRef = 3CEA7F011AF72D68000B7671 /* collapse_arrow@2x.png */; };
		3CEA7F061AF72D68000B7671 /* expand_arrow@2x.png in Resources */ = {isa = PBXBuildFile; fileRef = 3CEA7F021AF72D68000B7671 /* expand_arrow@2x.png */; };
		3CEA7F071AF72D68000B7671 /* plus-50@2x.png in Resources */ = {isa = PBXBuildFile; fileRef = 3CEA7F031AF72D68000B7671 /* plus-50@2x.png */; };
		3CEC02671AF6BB2E00CC5ADD /* CoreLocation.framework in Frameworks */ = {isa = PBXBuildFile; fileRef = 3CEC02661AF6BB2E00CC5ADD /* CoreLocation.framework */; };
		3CEC026A1AF6C3F600CC5ADD /* WeatherManager.swift in Sources */ = {isa = PBXBuildFile; fileRef = 3CEC02691AF6C3F600CC5ADD /* WeatherManager.swift */; };
		3CEC026D1AF6C40000CC5ADD /* Constants.swift in Sources */ = {isa = PBXBuildFile; fileRef = 3CEC026B1AF6C40000CC5ADD /* Constants.swift */; };
		3CEC026E1AF6C40000CC5ADD /* Extensions.swift in Sources */ = {isa = PBXBuildFile; fileRef = 3CEC026C1AF6C40000CC5ADD /* Extensions.swift */; };
		3CEC02701AF6C44F00CC5ADD /* LocationManager.swift in Sources */ = {isa = PBXBuildFile; fileRef = 3CEC026F1AF6C44F00CC5ADD /* LocationManager.swift */; };
		3CF7C38D1AF5578400AD0F6E /* HTTPRequestSerializer.swift in Sources */ = {isa = PBXBuildFile; fileRef = 3CF7C3891AF5578400AD0F6E /* HTTPRequestSerializer.swift */; };
		3CF7C38E1AF5578400AD0F6E /* HTTPResponseSerializer.swift in Sources */ = {isa = PBXBuildFile; fileRef = 3CF7C38A1AF5578400AD0F6E /* HTTPResponseSerializer.swift */; };
		3CF7C38F1AF5578400AD0F6E /* HTTPTask.swift in Sources */ = {isa = PBXBuildFile; fileRef = 3CF7C38B1AF5578400AD0F6E /* HTTPTask.swift */; };
		3CF7C3901AF5578400AD0F6E /* HTTPUpload.swift in Sources */ = {isa = PBXBuildFile; fileRef = 3CF7C38C1AF5578400AD0F6E /* HTTPUpload.swift */; };
		3CF7C3931AF5595800AD0F6E /* SwiftyJSON.swift in Sources */ = {isa = PBXBuildFile; fileRef = 3CF7C3921AF5595800AD0F6E /* SwiftyJSON.swift */; };
		3CF7C3981AF5A9C800AD0F6E /* AutoCompleteSearchView.swift in Sources */ = {isa = PBXBuildFile; fileRef = 3CF7C3971AF5A9C800AD0F6E /* AutoCompleteSearchView.swift */; };
/* End PBXBuildFile section */

/* Begin PBXContainerItemProxy section */
		3C2937CA1AF3F6E900399A21 /* PBXContainerItemProxy */ = {
			isa = PBXContainerItemProxy;
			containerPortal = 3C2937AC1AF3F6E900399A21 /* Project object */;
			proxyType = 1;
			remoteGlobalIDString = 3C2937B31AF3F6E900399A21;
			remoteInfo = LoyaltyOne;
		};
/* End PBXContainerItemProxy section */

/* Begin PBXFileReference section */
		3C1026D21AF7B68700C771A7 /* plus-48@2x.png */ = {isa = PBXFileReference; lastKnownFileType = image.png; name = "plus-48@2x.png"; path = "Images/plus-48@2x.png"; sourceTree = "<group>"; };
		3C1026D41AF7B9AD00C771A7 /* down-50@2x.png */ = {isa = PBXFileReference; lastKnownFileType = image.png; name = "down-50@2x.png"; path = "Images/down-50@2x.png"; sourceTree = "<group>"; };
		3C1026D51AF7B9AD00C771A7 /* downpour-50@2x.png */ = {isa = PBXFileReference; lastKnownFileType = image.png; name = "downpour-50@2x.png"; path = "Images/downpour-50@2x.png"; sourceTree = "<group>"; };
		3C1026D81AF7B9B700C771A7 /* fog_day-48@2x.png */ = {isa = PBXFileReference; lastKnownFileType = image.png; name = "fog_day-48@2x.png"; path = "Images/fog_day-48@2x.png"; sourceTree = "<group>"; };
		3C1026D91AF7B9B700C771A7 /* fog_day-50@2x.png */ = {isa = PBXFileReference; lastKnownFileType = image.png; name = "fog_day-50@2x.png"; path = "Images/fog_day-50@2x.png"; sourceTree = "<group>"; };
		3C1026DA1AF7B9B700C771A7 /* little_rain-50@2x.png */ = {isa = PBXFileReference; lastKnownFileType = image.png; name = "little_rain-50@2x.png"; path = "Images/little_rain-50@2x.png"; sourceTree = "<group>"; };
		3C1026DB1AF7B9B700C771A7 /* partly_cloudy_day-48@2x.png */ = {isa = PBXFileReference; lastKnownFileType = image.png; name = "partly_cloudy_day-48@2x.png"; path = "Images/partly_cloudy_day-48@2x.png"; sourceTree = "<group>"; };
		3C1026DC1AF7B9B700C771A7 /* partly_cloudy_day-50@2x.png */ = {isa = PBXFileReference; lastKnownFileType = image.png; name = "partly_cloudy_day-50@2x.png"; path = "Images/partly_cloudy_day-50@2x.png"; sourceTree = "<group>"; };
		3C1026E21AF7B9C100C771A7 /* rain-48@2x.png */ = {isa = PBXFileReference; lastKnownFileType = image.png; name = "rain-48@2x.png"; path = "Images/rain-48@2x.png"; sourceTree = "<group>"; };
		3C1026E31AF7B9C100C771A7 /* rain-50@2x.png */ = {isa = PBXFileReference; lastKnownFileType = image.png; name = "rain-50@2x.png"; path = "Images/rain-50@2x.png"; sourceTree = "<group>"; };
		3C1026E41AF7B9C100C771A7 /* storm-48@2x.png */ = {isa = PBXFileReference; lastKnownFileType = image.png; name = "storm-48@2x.png"; path = "Images/storm-48@2x.png"; sourceTree = "<group>"; };
		3C1026E51AF7B9C100C771A7 /* storm-50@2x.png */ = {isa = PBXFileReference; lastKnownFileType = image.png; name = "storm-50@2x.png"; path = "Images/storm-50@2x.png"; sourceTree = "<group>"; };
		3C1026E61AF7B9C100C771A7 /* summer-48@2x.png */ = {isa = PBXFileReference; lastKnownFileType = image.png; name = "summer-48@2x.png"; path = "Images/summer-48@2x.png"; sourceTree = "<group>"; };
		3C1026E71AF7B9C100C771A7 /* summer-50@2x.png */ = {isa = PBXFileReference; lastKnownFileType = image.png; name = "summer-50@2x.png"; path = "Images/summer-50@2x.png"; sourceTree = "<group>"; };
		3C1026E81AF7B9C100C771A7 /* up-50@2x.png */ = {isa = PBXFileReference; lastKnownFileType = image.png; name = "up-50@2x.png"; path = "Images/up-50@2x.png"; sourceTree = "<group>"; };
		3C1026F31AF7BAC500C771A7 /* little_rain-48@2x.png */ = {isa = PBXFileReference; lastKnownFileType = image.png; name = "little_rain-48@2x.png"; path = "Images/little_rain-48@2x.png"; sourceTree = "<group>"; };
		3C1026F61AF854C200C771A7 /* Reachability.h */ = {isa = PBXFileReference; fileEncoding = 4; lastKnownFileType = sourcecode.c.h; name = Reachability.h; path = Reachability/Reachability.h; sourceTree = "<group>"; };
		3C1026F71AF854C200C771A7 /* Reachability.m */ = {isa = PBXFileReference; fileEncoding = 4; lastKnownFileType = sourcecode.c.objc; name = Reachability.m; path = Reachability/Reachability.m; sourceTree = "<group>"; };
		3C1026F91AF8550B00C771A7 /* SystemConfiguration.framework */ = {isa = PBXFileReference; lastKnownFileType = wrapper.framework; name = SystemConfiguration.framework; path = System/Library/Frameworks/SystemConfiguration.framework; sourceTree = SDKROOT; };
		3C1026FB1AF855D900C771A7 /* Bridging-Header.h */ = {isa = PBXFileReference; fileEncoding = 4; lastKnownFileType = sourcecode.c.h; path = "Bridging-Header.h"; sourceTree = "<group>"; };
		3C2035211AF9325D00C99CAE /* countries.txt */ = {isa = PBXFileReference; fileEncoding = 4; lastKnownFileType = text; name = countries.txt; path = Resources/countries.txt; sourceTree = "<group>"; };
		3C2035221AF9325D00C99CAE /* country-codes.txt */ = {isa = PBXFileReference; fileEncoding = 4; lastKnownFileType = text; name = "country-codes.txt"; path = "Resources/country-codes.txt"; sourceTree = "<group>"; };
		3C2035251AF95B8600C99CAE /* fog_night-50@2x.png */ = {isa = PBXFileReference; lastKnownFileType = image.png; name = "fog_night-50@2x.png"; path = "Images/fog_night-50@2x.png"; sourceTree = "<group>"; };
		3C2035261AF95B8600C99CAE /* light_snow-50@2x.png */ = {isa = PBXFileReference; lastKnownFileType = image.png; name = "light_snow-50@2x.png"; path = "Images/light_snow-50@2x.png"; sourceTree = "<group>"; };
		3C2035271AF95B8600C99CAE /* moon-50@2x.png */ = {isa = PBXFileReference; lastKnownFileType = image.png; name = "moon-50@2x.png"; path = "Images/moon-50@2x.png"; sourceTree = "<group>"; };
		3C2035281AF95B8600C99CAE /* partly_cloudy_night-50@2x.png */ = {isa = PBXFileReference; lastKnownFileType = image.png; name = "partly_cloudy_night-50@2x.png"; path = "Images/partly_cloudy_night-50@2x.png"; sourceTree = "<group>"; };
		3C2035291AF95B8600C99CAE /* snow-50@2x.png */ = {isa = PBXFileReference; lastKnownFileType = image.png; name = "snow-50@2x.png"; path = "Images/snow-50@2x.png"; sourceTree = "<group>"; };
		3C20353D1AF991EC00C99CAE /* background4@2x.jpg */ = {isa = PBXFileReference; lastKnownFileType = image.jpeg; name = "background4@2x.jpg"; path = "Images/background4@2x.jpg"; sourceTree = "<group>"; };
		3C20353E1AF991EC00C99CAE /* background5@2x.jpg */ = {isa = PBXFileReference; lastKnownFileType = image.jpeg; name = "background5@2x.jpg"; path = "Images/background5@2x.jpg"; sourceTree = "<group>"; };
		3C20353F1AF991EC00C99CAE /* background6@2x.jpg */ = {isa = PBXFileReference; lastKnownFileType = image.jpeg; name = "background6@2x.jpg"; path = "Images/background6@2x.jpg"; sourceTree = "<group>"; };
		3C2035401AF991EC00C99CAE /* background7@2x.jpg */ = {isa = PBXFileReference; lastKnownFileType = image.jpeg; name = "background7@2x.jpg"; path = "Images/background7@2x.jpg"; sourceTree = "<group>"; };
		3C2035411AF991EC00C99CAE /* background8@2x.jpg */ = {isa = PBXFileReference; lastKnownFileType = image.jpeg; name = "background8@2x.jpg"; path = "Images/background8@2x.jpg"; sourceTree = "<group>"; };
		3C2035421AF991EC00C99CAE /* background9@2x.jpg */ = {isa = PBXFileReference; lastKnownFileType = image.jpeg; name = "background9@2x.jpg"; path = "Images/background9@2x.jpg"; sourceTree = "<group>"; };
		3C2035431AF991EC00C99CAE /* background10@2x.jpg */ = {isa = PBXFileReference; lastKnownFileType = image.jpeg; name = "background10@2x.jpg"; path = "Images/background10@2x.jpg"; sourceTree = "<group>"; };
		3C20354B1AF991F600C99CAE /* background1@2x.jpg */ = {isa = PBXFileReference; lastKnownFileType = image.jpeg; name = "background1@2x.jpg"; path = "Images/background1@2x.jpg"; sourceTree = "<group>"; };
		3C20354C1AF991F600C99CAE /* background2@2x.jpg */ = {isa = PBXFileReference; lastKnownFileType = image.jpeg; name = "background2@2x.jpg"; path = "Images/background2@2x.jpg"; sourceTree = "<group>"; };
		3C20354D1AF991F600C99CAE /* background3@2x.jpg */ = {isa = PBXFileReference; lastKnownFileType = image.jpeg; name = "background3@2x.jpg"; path = "Images/background3@2x.jpg"; sourceTree = "<group>"; };
		3C2937B41AF3F6E900399A21 /* LoyaltyOne.app */ = {isa = PBXFileReference; explicitFileType = wrapper.application; includeInIndex = 0; path = LoyaltyOne.app; sourceTree = BUILT_PRODUCTS_DIR; };
		3C2937B81AF3F6E900399A21 /* Info.plist */ = {isa = PBXFileReference; lastKnownFileType = text.plist.xml; path = Info.plist; sourceTree = "<group>"; };
		3C2937B91AF3F6E900399A21 /* AppDelegate.swift */ = {isa = PBXFileReference; lastKnownFileType = sourcecode.swift; path = AppDelegate.swift; sourceTree = "<group>"; };
		3C2937BB1AF3F6E900399A21 /* MainViewController.swift */ = {isa = PBXFileReference; lastKnownFileType = sourcecode.swift; path = MainViewController.swift; sourceTree = "<group>"; };
		3C2937BE1AF3F6E900399A21 /* Base */ = {isa = PBXFileReference; lastKnownFileType = file.storyboard; name = Base; path = Base.lproj/Main.storyboard; sourceTree = "<group>"; };
		3C2937C01AF3F6E900399A21 /* Images.xcassets */ = {isa = PBXFileReference; lastKnownFileType = folder.assetcatalog; path = Images.xcassets; sourceTree = "<group>"; };
		3C2937C31AF3F6E900399A21 /* Base */ = {isa = PBXFileReference; lastKnownFileType = file.xib; name = Base; path = Base.lproj/LaunchScreen.xib; sourceTree = "<group>"; };
		3C2937C91AF3F6E900399A21 /* LoyaltyOneTests.xctest */ = {isa = PBXFileReference; explicitFileType = wrapper.cfbundle; includeInIndex = 0; path = LoyaltyOneTests.xctest; sourceTree = BUILT_PRODUCTS_DIR; };
		3C2937CE1AF3F6E900399A21 /* Info.plist */ = {isa = PBXFileReference; lastKnownFileType = text.plist.xml; path = Info.plist; sourceTree = "<group>"; };
		3C2937CF1AF3F6E900399A21 /* LoyaltyOneTests.swift */ = {isa = PBXFileReference; lastKnownFileType = sourcecode.swift; path = LoyaltyOneTests.swift; sourceTree = "<group>"; };
		3C2937D91AF4008A00399A21 /* Podfile */ = {isa = PBXFileReference; fileEncoding = 4; lastKnownFileType = text; path = Podfile; sourceTree = "<group>"; };
		3C2937E91AF4077C00399A21 /* AppHelper.swift */ = {isa = PBXFileReference; fileEncoding = 4; lastKnownFileType = sourcecode.swift; name = AppHelper.swift; path = Utils/AppHelper.swift; sourceTree = "<group>"; };
		3C2937FD1AF4197000399A21 /* Lato-Hairline.otf */ = {isa = PBXFileReference; lastKnownFileType = file; name = "Lato-Hairline.otf"; path = "Fonts/Lato-Hairline.otf"; sourceTree = "<group>"; };
		3C2937FE1AF4197000399A21 /* Lato-Light.otf */ = {isa = PBXFileReference; lastKnownFileType = file; name = "Lato-Light.otf"; path = "Fonts/Lato-Light.otf"; sourceTree = "<group>"; };
		3C2937FF1AF4197000399A21 /* Lato-Regular.otf */ = {isa = PBXFileReference; lastKnownFileType = file; name = "Lato-Regular.otf"; path = "Fonts/Lato-Regular.otf"; sourceTree = "<group>"; };
		3C7030BE1AF671A00075E648 /* WeatherView.swift */ = {isa = PBXFileReference; fileEncoding = 4; lastKnownFileType = sourcecode.swift; name = WeatherView.swift; path = Views/WeatherView.swift; sourceTree = "<group>"; };
		3CEA7F011AF72D68000B7671 /* collapse_arrow@2x.png */ = {isa = PBXFileReference; lastKnownFileType = image.png; name = "collapse_arrow@2x.png"; path = "Images/collapse_arrow@2x.png"; sourceTree = "<group>"; };
		3CEA7F021AF72D68000B7671 /* expand_arrow@2x.png */ = {isa = PBXFileReference; lastKnownFileType = image.png; name = "expand_arrow@2x.png"; path = "Images/expand_arrow@2x.png"; sourceTree = "<group>"; };
		3CEA7F031AF72D68000B7671 /* plus-50@2x.png */ = {isa = PBXFileReference; lastKnownFileType = image.png; name = "plus-50@2x.png"; path = "Images/plus-50@2x.png"; sourceTree = "<group>"; };
		3CEC02661AF6BB2E00CC5ADD /* CoreLocation.framework */ = {isa = PBXFileReference; lastKnownFileType = wrapper.framework; name = CoreLocation.framework; path = System/Library/Frameworks/CoreLocation.framework; sourceTree = SDKROOT; };
		3CEC02691AF6C3F600CC5ADD /* WeatherManager.swift */ = {isa = PBXFileReference; fileEncoding = 4; lastKnownFileType = sourcecode.swift; name = WeatherManager.swift; path = Managers/WeatherManager.swift; sourceTree = "<group>"; };
		3CEC026B1AF6C40000CC5ADD /* Constants.swift */ = {isa = PBXFileReference; fileEncoding = 4; lastKnownFileType = sourcecode.swift; name = Constants.swift; path = Utils/Constants.swift; sourceTree = "<group>"; };
		3CEC026C1AF6C40000CC5ADD /* Extensions.swift */ = {isa = PBXFileReference; fileEncoding = 4; lastKnownFileType = sourcecode.swift; name = Extensions.swift; path = Utils/Extensions.swift; sourceTree = "<group>"; };
		3CEC026F1AF6C44F00CC5ADD /* LocationManager.swift */ = {isa = PBXFileReference; fileEncoding = 4; lastKnownFileType = sourcecode.swift; name = LocationManager.swift; path = Managers/LocationManager.swift; sourceTree = "<group>"; };
		3CF7C3891AF5578400AD0F6E /* HTTPRequestSerializer.swift */ = {isa = PBXFileReference; fileEncoding = 4; lastKnownFileType = sourcecode.swift; name = HTTPRequestSerializer.swift; path = SwiftHTTP/HTTPRequestSerializer.swift; sourceTree = "<group>"; };
		3CF7C38A1AF5578400AD0F6E /* HTTPResponseSerializer.swift */ = {isa = PBXFileReference; fileEncoding = 4; lastKnownFileType = sourcecode.swift; name = HTTPResponseSerializer.swift; path = SwiftHTTP/HTTPResponseSerializer.swift; sourceTree = "<group>"; };
		3CF7C38B1AF5578400AD0F6E /* HTTPTask.swift */ = {isa = PBXFileReference; fileEncoding = 4; lastKnownFileType = sourcecode.swift; name = HTTPTask.swift; path = SwiftHTTP/HTTPTask.swift; sourceTree = "<group>"; };
		3CF7C38C1AF5578400AD0F6E /* HTTPUpload.swift */ = {isa = PBXFileReference; fileEncoding = 4; lastKnownFileType = sourcecode.swift; name = HTTPUpload.swift; path = SwiftHTTP/HTTPUpload.swift; sourceTree = "<group>"; };
		3CF7C3921AF5595800AD0F6E /* SwiftyJSON.swift */ = {isa = PBXFileReference; fileEncoding = 4; lastKnownFileType = sourcecode.swift; name = SwiftyJSON.swift; path = SwiftyJSON/SwiftyJSON.swift; sourceTree = "<group>"; };
		3CF7C3971AF5A9C800AD0F6E /* AutoCompleteSearchView.swift */ = {isa = PBXFileReference; fileEncoding = 4; lastKnownFileType = sourcecode.swift; name = AutoCompleteSearchView.swift; path = Views/AutoCompleteSearchView.swift; sourceTree = "<group>"; };
/* End PBXFileReference section */

/* Begin PBXFrameworksBuildPhase section */
		3C2937B11AF3F6E900399A21 /* Frameworks */ = {
			isa = PBXFrameworksBuildPhase;
			buildActionMask = 2147483647;
			files = (
				3C1026FA1AF8550B00C771A7 /* SystemConfiguration.framework in Frameworks */,
				3CEC02671AF6BB2E00CC5ADD /* CoreLocation.framework in Frameworks */,
			);
			runOnlyForDeploymentPostprocessing = 0;
		};
		3C2937C61AF3F6E900399A21 /* Frameworks */ = {
			isa = PBXFrameworksBuildPhase;
			buildActionMask = 2147483647;
			files = (
			);
			runOnlyForDeploymentPostprocessing = 0;
		};
/* End PBXFrameworksBuildPhase section */

/* Begin PBXGroup section */
		3C1026F01AF7B9CC00C771A7 /* weather-conditions */ = {
			isa = PBXGroup;
			children = (
				3C2035251AF95B8600C99CAE /* fog_night-50@2x.png */,
				3C2035261AF95B8600C99CAE /* light_snow-50@2x.png */,
				3C2035271AF95B8600C99CAE /* moon-50@2x.png */,
				3C2035281AF95B8600C99CAE /* partly_cloudy_night-50@2x.png */,
				3C2035291AF95B8600C99CAE /* snow-50@2x.png */,
				3C1026F31AF7BAC500C771A7 /* little_rain-48@2x.png */,
				3C1026E21AF7B9C100C771A7 /* rain-48@2x.png */,
				3C1026E31AF7B9C100C771A7 /* rain-50@2x.png */,
				3C1026E41AF7B9C100C771A7 /* storm-48@2x.png */,
				3C1026E51AF7B9C100C771A7 /* storm-50@2x.png */,
				3C1026E61AF7B9C100C771A7 /* summer-48@2x.png */,
				3C1026E71AF7B9C100C771A7 /* summer-50@2x.png */,
				3C1026D81AF7B9B700C771A7 /* fog_day-48@2x.png */,
				3C1026D91AF7B9B700C771A7 /* fog_day-50@2x.png */,
				3C1026DA1AF7B9B700C771A7 /* little_rain-50@2x.png */,
				3C1026DB1AF7B9B700C771A7 /* partly_cloudy_day-48@2x.png */,
				3C1026DC1AF7B9B700C771A7 /* partly_cloudy_day-50@2x.png */,
				3C1026D51AF7B9AD00C771A7 /* downpour-50@2x.png */,
			);
			name = "weather-conditions";
			sourceTree = "<group>";
		};
		3C1026F11AF7B9FA00C771A7 /* backgrounds */ = {
			isa = PBXGroup;
			children = (
				3C20354B1AF991F600C99CAE /* background1@2x.jpg */,
				3C20354C1AF991F600C99CAE /* background2@2x.jpg */,
				3C20354D1AF991F600C99CAE /* background3@2x.jpg */,
				3C20353D1AF991EC00C99CAE /* background4@2x.jpg */,
				3C20353E1AF991EC00C99CAE /* background5@2x.jpg */,
				3C20353F1AF991EC00C99CAE /* background6@2x.jpg */,
				3C2035401AF991EC00C99CAE /* background7@2x.jpg */,
				3C2035411AF991EC00C99CAE /* background8@2x.jpg */,
				3C2035421AF991EC00C99CAE /* background9@2x.jpg */,
				3C2035431AF991EC00C99CAE /* background10@2x.jpg */,
			);
			name = backgrounds;
			sourceTree = "<group>";
		};
		3C1026F21AF7BA1200C771A7 /* menus */ = {
			isa = PBXGroup;
			children = (
				3C1026E81AF7B9C100C771A7 /* up-50@2x.png */,
				3C1026D41AF7B9AD00C771A7 /* down-50@2x.png */,
				3CEA7F011AF72D68000B7671 /* collapse_arrow@2x.png */,
				3CEA7F021AF72D68000B7671 /* expand_arrow@2x.png */,
				3CEA7F031AF72D68000B7671 /* plus-50@2x.png */,
				3C1026D21AF7B68700C771A7 /* plus-48@2x.png */,
			);
			name = menus;
			sourceTree = "<group>";
		};
		3C1026F51AF8549C00C771A7 /* Reachability */ = {
			isa = PBXGroup;
			children = (
				3C1026F61AF854C200C771A7 /* Reachability.h */,
				3C1026F71AF854C200C771A7 /* Reachability.m */,
			);
			name = Reachability;
			sourceTree = "<group>";
		};
		3C2937AB1AF3F6E900399A21 = {
			isa = PBXGroup;
			children = (
				3C1026F91AF8550B00C771A7 /* SystemConfiguration.framework */,
				3CEC02661AF6BB2E00CC5ADD /* CoreLocation.framework */,
				3C2937D91AF4008A00399A21 /* Podfile */,
				3C2937B61AF3F6E900399A21 /* LoyaltyOne */,
				3C2937CC1AF3F6E900399A21 /* LoyaltyOneTests */,
				3C2937B51AF3F6E900399A21 /* Products */,
			);
			sourceTree = "<group>";
		};
		3C2937B51AF3F6E900399A21 /* Products */ = {
			isa = PBXGroup;
			children = (
				3C2937B41AF3F6E900399A21 /* LoyaltyOne.app */,
				3C2937C91AF3F6E900399A21 /* LoyaltyOneTests.xctest */,
			);
			name = Products;
			sourceTree = "<group>";
		};
		3C2937B61AF3F6E900399A21 /* LoyaltyOne */ = {
			isa = PBXGroup;
			children = (
				3C1026F51AF8549C00C771A7 /* Reachability */,
				3CEC02681AF6C3AB00CC5ADD /* Managers */,
				3CF7C3961AF5A97E00AD0F6E /* Views */,
				3CF7C3911AF5594700AD0F6E /* SwiftyJSON */,
				3CF7C3881AF5575B00AD0F6E /* SwiftHTTP */,
				3C2937EB1AF4078300399A21 /* Images */,
				3C2937E61AF4061100399A21 /* Utils */,
				3C2937B91AF3F6E900399A21 /* AppDelegate.swift */,
				3C2937BB1AF3F6E900399A21 /* MainViewController.swift */,
				3C1026FB1AF855D900C771A7 /* Bridging-Header.h */,
				3C2937BD1AF3F6E900399A21 /* Main.storyboard */,
				3C2937C01AF3F6E900399A21 /* Images.xcassets */,
				3C2937C21AF3F6E900399A21 /* LaunchScreen.xib */,
				3C2937B71AF3F6E900399A21 /* Supporting Files */,
			);
			path = LoyaltyOne;
			sourceTree = "<group>";
		};
		3C2937B71AF3F6E900399A21 /* Supporting Files */ = {
			isa = PBXGroup;
			children = (
				3C9442E81AF44920000B9429 /* Resources */,
				3C2937FC1AF4196400399A21 /* Fonts */,
				3C2937B81AF3F6E900399A21 /* Info.plist */,
			);
			name = "Supporting Files";
			sourceTree = "<group>";
		};
		3C2937CC1AF3F6E900399A21 /* LoyaltyOneTests */ = {
			isa = PBXGroup;
			children = (
				3C2937CF1AF3F6E900399A21 /* LoyaltyOneTests.swift */,
				3C2937CD1AF3F6E900399A21 /* Supporting Files */,
			);
			path = LoyaltyOneTests;
			sourceTree = "<group>";
		};
		3C2937CD1AF3F6E900399A21 /* Supporting Files */ = {
			isa = PBXGroup;
			children = (
				3C2937CE1AF3F6E900399A21 /* Info.plist */,
			);
			name = "Supporting Files";
			sourceTree = "<group>";
		};
		3C2937E61AF4061100399A21 /* Utils */ = {
			isa = PBXGroup;
			children = (
				3C2937E91AF4077C00399A21 /* AppHelper.swift */,
				3CEC026B1AF6C40000CC5ADD /* Constants.swift */,
				3CEC026C1AF6C40000CC5ADD /* Extensions.swift */,
			);
			name = Utils;
			sourceTree = "<group>";
		};
		3C2937EB1AF4078300399A21 /* Images */ = {
			isa = PBXGroup;
			children = (
				3C1026F21AF7BA1200C771A7 /* menus */,
				3C1026F11AF7B9FA00C771A7 /* backgrounds */,
				3C1026F01AF7B9CC00C771A7 /* weather-conditions */,
			);
			name = Images;
			sourceTree = "<group>";
		};
		3C2937FC1AF4196400399A21 /* Fonts */ = {
			isa = PBXGroup;
			children = (
				3C2937FD1AF4197000399A21 /* Lato-Hairline.otf */,
				3C2937FE1AF4197000399A21 /* Lato-Light.otf */,
				3C2937FF1AF4197000399A21 /* Lato-Regular.otf */,
			);
			name = Fonts;
			sourceTree = "<group>";
		};
		3C9442E81AF44920000B9429 /* Resources */ = {
			isa = PBXGroup;
			children = (
				3C2035211AF9325D00C99CAE /* countries.txt */,
				3C2035221AF9325D00C99CAE /* country-codes.txt */,
			);
			name = Resources;
			sourceTree = "<group>";
		};
		3CEC02681AF6C3AB00CC5ADD /* Managers */ = {
			isa = PBXGroup;
			children = (
				3CEC02691AF6C3F600CC5ADD /* WeatherManager.swift */,
				3CEC026F1AF6C44F00CC5ADD /* LocationManager.swift */,
			);
			name = Managers;
			sourceTree = "<group>";
		};
		3CF7C3881AF5575B00AD0F6E /* SwiftHTTP */ = {
			isa = PBXGroup;
			children = (
				3CF7C3891AF5578400AD0F6E /* HTTPRequestSerializer.swift */,
				3CF7C38A1AF5578400AD0F6E /* HTTPResponseSerializer.swift */,
				3CF7C38B1AF5578400AD0F6E /* HTTPTask.swift */,
				3CF7C38C1AF5578400AD0F6E /* HTTPUpload.swift */,
			);
			name = SwiftHTTP;
			sourceTree = "<group>";
		};
		3CF7C3911AF5594700AD0F6E /* SwiftyJSON */ = {
			isa = PBXGroup;
			children = (
				3CF7C3921AF5595800AD0F6E /* SwiftyJSON.swift */,
			);
			name = SwiftyJSON;
			sourceTree = "<group>";
		};
		3CF7C3961AF5A97E00AD0F6E /* Views */ = {
			isa = PBXGroup;
			children = (
				3CF7C3971AF5A9C800AD0F6E /* AutoCompleteSearchView.swift */,
				3C7030BE1AF671A00075E648 /* WeatherView.swift */,
			);
			name = Views;
			sourceTree = "<group>";
		};
/* End PBXGroup section */

/* Begin PBXNativeTarget section */
		3C2937B31AF3F6E900399A21 /* LoyaltyOne */ = {
			isa = PBXNativeTarget;
			buildConfigurationList = 3C2937D31AF3F6E900399A21 /* Build configuration list for PBXNativeTarget "LoyaltyOne" */;
			buildPhases = (
				3C2937B01AF3F6E900399A21 /* Sources */,
				3C2937B11AF3F6E900399A21 /* Frameworks */,
				3C2937B21AF3F6E900399A21 /* Resources */,
			);
			buildRules = (
			);
			dependencies = (
			);
			name = LoyaltyOne;
			productName = LoyaltyOne;
			productReference = 3C2937B41AF3F6E900399A21 /* LoyaltyOne.app */;
			productType = "com.apple.product-type.application";
		};
		3C2937C81AF3F6E900399A21 /* LoyaltyOneTests */ = {
			isa = PBXNativeTarget;
			buildConfigurationList = 3C2937D61AF3F6E900399A21 /* Build configuration list for PBXNativeTarget "LoyaltyOneTests" */;
			buildPhases = (
				3C2937C51AF3F6E900399A21 /* Sources */,
				3C2937C61AF3F6E900399A21 /* Frameworks */,
				3C2937C71AF3F6E900399A21 /* Resources */,
			);
			buildRules = (
			);
			dependencies = (
				3C2937CB1AF3F6E900399A21 /* PBXTargetDependency */,
			);
			name = LoyaltyOneTests;
			productName = LoyaltyOneTests;
			productReference = 3C2937C91AF3F6E900399A21 /* LoyaltyOneTests.xctest */;
			productType = "com.apple.product-type.bundle.unit-test";
		};
/* End PBXNativeTarget section */

/* Begin PBXProject section */
		3C2937AC1AF3F6E900399A21 /* Project object */ = {
			isa = PBXProject;
			attributes = {
				LastUpgradeCheck = 0630;
				ORGANIZATIONNAME = "Jorge Valbuena";
				TargetAttributes = {
					3C2937B31AF3F6E900399A21 = {
						CreatedOnToolsVersion = 6.3.1;
					};
					3C2937C81AF3F6E900399A21 = {
						CreatedOnToolsVersion = 6.3.1;
						TestTargetID = 3C2937B31AF3F6E900399A21;
					};
				};
			};
			buildConfigurationList = 3C2937AF1AF3F6E900399A21 /* Build configuration list for PBXProject "LoyaltyOne" */;
			compatibilityVersion = "Xcode 3.2";
			developmentRegion = English;
			hasScannedForEncodings = 0;
			knownRegions = (
				en,
				Base,
			);
			mainGroup = 3C2937AB1AF3F6E900399A21;
			productRefGroup = 3C2937B51AF3F6E900399A21 /* Products */;
			projectDirPath = "";
			projectRoot = "";
			targets = (
				3C2937B31AF3F6E900399A21 /* LoyaltyOne */,
				3C2937C81AF3F6E900399A21 /* LoyaltyOneTests */,
			);
		};
/* End PBXProject section */

/* Begin PBXResourcesBuildPhase section */
		3C2937B21AF3F6E900399A21 /* Resources */ = {
			isa = PBXResourcesBuildPhase;
			buildActionMask = 2147483647;
			files = (
				3C20352D1AF95B8600C99CAE /* partly_cloudy_night-50@2x.png in Resources */,
				3C1026EE1AF7B9C100C771A7 /* summer-50@2x.png in Resources */,
				3C2938011AF4197000399A21 /* Lato-Light.otf in Resources */,
				3C2937BF1AF3F6E900399A21 /* Main.storyboard in Resources */,
				3C1026EC1AF7B9C100C771A7 /* storm-50@2x.png in Resources */,
				3C2938021AF4197000399A21 /* Lato-Regular.otf in Resources */,
				3C2937C41AF3F6E900399A21 /* LaunchScreen.xib in Resources */,
				3C2035491AF991EC00C99CAE /* background9@2x.jpg in Resources */,
				3C2938001AF4197000399A21 /* Lato-Hairline.otf in Resources */,
				3C1026EB1AF7B9C100C771A7 /* storm-48@2x.png in Resources */,
				3C2937DA1AF4008A00399A21 /* Podfile in Resources */,
				3C20352B1AF95B8600C99CAE /* light_snow-50@2x.png in Resources */,
				3C1026E11AF7B9B700C771A7 /* partly_cloudy_day-50@2x.png in Resources */,
				3C20354E1AF991F600C99CAE /* background1@2x.jpg in Resources */,
				3C1026ED1AF7B9C100C771A7 /* summer-48@2x.png in Resources */,
				3C1026D31AF7B68700C771A7 /* plus-48@2x.png in Resources */,
				3C2937C11AF3F6E900399A21 /* Images.xcassets in Resources */,
				3C1026D61AF7B9AD00C771A7 /* down-50@2x.png in Resources */,
				3CEA7F051AF72D68000B7671 /* collapse_arrow@2x.png in Resources */,
				3C2035471AF991EC00C99CAE /* background7@2x.jpg in Resources */,
				3C2035461AF991EC00C99CAE /* background6@2x.jpg in Resources */,
				3C1026EA1AF7B9C100C771A7 /* rain-50@2x.png in Resources */,
				3C1026DD1AF7B9B700C771A7 /* fog_day-48@2x.png in Resources */,
				3C20352A1AF95B8600C99CAE /* fog_night-50@2x.png in Resources */,
				3C1026F41AF7BAC500C771A7 /* little_rain-48@2x.png in Resources */,
				3C2035451AF991EC00C99CAE /* background5@2x.jpg in Resources */,
				3C20352E1AF95B8600C99CAE /* snow-50@2x.png in Resources */,
				3C1026E01AF7B9B700C771A7 /* partly_cloudy_day-48@2x.png in Resources */,
				3C2035441AF991EC00C99CAE /* background4@2x.jpg in Resources */,
				3C2035231AF9325D00C99CAE /* countries.txt in Resources */,
				3C20352C1AF95B8600C99CAE /* moon-50@2x.png in Resources */,
				3CEA7F061AF72D68000B7671 /* expand_arrow@2x.png in Resources */,
				3C1026D71AF7B9AD00C771A7 /* downpour-50@2x.png in Resources */,
				3C2035481AF991EC00C99CAE /* background8@2x.jpg in Resources */,
				3C1026DE1AF7B9B700C771A7 /* fog_day-50@2x.png in Resources */,
				3C2035241AF9325D00C99CAE /* country-codes.txt in Resources */,
				3C1026DF1AF7B9B700C771A7 /* little_rain-50@2x.png in Resources */,
				3C20354F1AF991F600C99CAE /* background2@2x.jpg in Resources */,
				3C1026E91AF7B9C100C771A7 /* rain-48@2x.png in Resources */,
				3C2035501AF991F600C99CAE /* background3@2x.jpg in Resources */,
				3C20354A1AF991EC00C99CAE /* background10@2x.jpg in Resources */,
				3C1026EF1AF7B9C100C771A7 /* up-50@2x.png in Resources */,
				3CEA7F071AF72D68000B7671 /* plus-50@2x.png in Resources */,
			);
			runOnlyForDeploymentPostprocessing = 0;
		};
		3C2937C71AF3F6E900399A21 /* Resources */ = {
			isa = PBXResourcesBuildPhase;
			buildActionMask = 2147483647;
			files = (
			);
			runOnlyForDeploymentPostprocessing = 0;
		};
/* End PBXResourcesBuildPhase section */

/* Begin PBXSourcesBuildPhase section */
		3C2937B01AF3F6E900399A21 /* Sources */ = {
			isa = PBXSourcesBuildPhase;
			buildActionMask = 2147483647;
			files = (
				3C7030BF1AF671A00075E648 /* WeatherView.swift in Sources */,
				3CF7C38F1AF5578400AD0F6E /* HTTPTask.swift in Sources */,
				3C2937BC1AF3F6E900399A21 /* MainViewController.swift in Sources */,
				3CF7C3901AF5578400AD0F6E /* HTTPUpload.swift in Sources */,
				3C1026F81AF854C200C771A7 /* Reachability.m in Sources */,
				3CF7C3931AF5595800AD0F6E /* SwiftyJSON.swift in Sources */,
				3CF7C38D1AF5578400AD0F6E /* HTTPRequestSerializer.swift in Sources */,
				3CEC026A1AF6C3F600CC5ADD /* WeatherManager.swift in Sources */,
				3C2937EA1AF4077C00399A21 /* AppHelper.swift in Sources */,
				3CEC026E1AF6C40000CC5ADD /* Extensions.swift in Sources */,
				3CF7C3981AF5A9C800AD0F6E /* AutoCompleteSearchView.swift in Sources */,
				3CEC02701AF6C44F00CC5ADD /* LocationManager.swift in Sources */,
				3C2937BA1AF3F6E900399A21 /* AppDelegate.swift in Sources */,
				3CF7C38E1AF5578400AD0F6E /* HTTPResponseSerializer.swift in Sources */,
				3CEC026D1AF6C40000CC5ADD /* Constants.swift in Sources */,
			);
			runOnlyForDeploymentPostprocessing = 0;
		};
		3C2937C51AF3F6E900399A21 /* Sources */ = {
			isa = PBXSourcesBuildPhase;
			buildActionMask = 2147483647;
			files = (
				3C2937D01AF3F6E900399A21 /* LoyaltyOneTests.swift in Sources */,
			);
			runOnlyForDeploymentPostprocessing = 0;
		};
/* End PBXSourcesBuildPhase section */

/* Begin PBXTargetDependency section */
		3C2937CB1AF3F6E900399A21 /* PBXTargetDependency */ = {
			isa = PBXTargetDependency;
			target = 3C2937B31AF3F6E900399A21 /* LoyaltyOne */;
			targetProxy = 3C2937CA1AF3F6E900399A21 /* PBXContainerItemProxy */;
		};
/* End PBXTargetDependency section */

/* Begin PBXVariantGroup section */
		3C2937BD1AF3F6E900399A21 /* Main.storyboard */ = {
			isa = PBXVariantGroup;
			children = (
				3C2937BE1AF3F6E900399A21 /* Base */,
			);
			name = Main.storyboard;
			sourceTree = "<group>";
		};
		3C2937C21AF3F6E900399A21 /* LaunchScreen.xib */ = {
			isa = PBXVariantGroup;
			children = (
				3C2937C31AF3F6E900399A21 /* Base */,
			);
			name = LaunchScreen.xib;
			sourceTree = "<group>";
		};
/* End PBXVariantGroup section */

/* Begin XCBuildConfiguration section */
		3C2937D11AF3F6E900399A21 /* Debug */ = {
			isa = XCBuildConfiguration;
			buildSettings = {
				ALWAYS_SEARCH_USER_PATHS = NO;
				CLANG_CXX_LANGUAGE_STANDARD = "gnu++0x";
				CLANG_CXX_LIBRARY = "libc++";
				CLANG_ENABLE_MODULES = YES;
				CLANG_ENABLE_OBJC_ARC = YES;
				CLANG_WARN_BOOL_CONVERSION = YES;
				CLANG_WARN_CONSTANT_CONVERSION = YES;
				CLANG_WARN_DIRECT_OBJC_ISA_USAGE = YES_ERROR;
				CLANG_WARN_EMPTY_BODY = YES;
				CLANG_WARN_ENUM_CONVERSION = YES;
				CLANG_WARN_INT_CONVERSION = YES;
				CLANG_WARN_OBJC_ROOT_CLASS = YES_ERROR;
				CLANG_WARN_UNREACHABLE_CODE = YES;
				CLANG_WARN__DUPLICATE_METHOD_MATCH = YES;
				"CODE_SIGN_IDENTITY[sdk=iphoneos*]" = "iPhone Developer";
				COPY_PHASE_STRIP = NO;
				DEBUG_INFORMATION_FORMAT = "dwarf-with-dsym";
				ENABLE_STRICT_OBJC_MSGSEND = YES;
				GCC_C_LANGUAGE_STANDARD = gnu99;
				GCC_DYNAMIC_NO_PIC = NO;
				GCC_NO_COMMON_BLOCKS = YES;
				GCC_OPTIMIZATION_LEVEL = 0;
				GCC_PREPROCESSOR_DEFINITIONS = (
					"DEBUG=1",
					"$(inherited)",
				);
				GCC_SYMBOLS_PRIVATE_EXTERN = NO;
				GCC_WARN_64_TO_32_BIT_CONVERSION = YES;
				GCC_WARN_ABOUT_RETURN_TYPE = YES_ERROR;
				GCC_WARN_UNDECLARED_SELECTOR = YES;
				GCC_WARN_UNINITIALIZED_AUTOS = YES_AGGRESSIVE;
				GCC_WARN_UNUSED_FUNCTION = YES;
				GCC_WARN_UNUSED_VARIABLE = YES;
				IPHONEOS_DEPLOYMENT_TARGET = 8.3;
				MTL_ENABLE_DEBUG_INFO = YES;
				ONLY_ACTIVE_ARCH = YES;
				SDKROOT = iphoneos;
				SWIFT_OPTIMIZATION_LEVEL = "-Onone";
			};
			name = Debug;
		};
		3C2937D21AF3F6E900399A21 /* Release */ = {
			isa = XCBuildConfiguration;
			buildSettings = {
				ALWAYS_SEARCH_USER_PATHS = NO;
				CLANG_CXX_LANGUAGE_STANDARD = "gnu++0x";
				CLANG_CXX_LIBRARY = "libc++";
				CLANG_ENABLE_MODULES = YES;
				CLANG_ENABLE_OBJC_ARC = YES;
				CLANG_WARN_BOOL_CONVERSION = YES;
				CLANG_WARN_CONSTANT_CONVERSION = YES;
				CLANG_WARN_DIRECT_OBJC_ISA_USAGE = YES_ERROR;
				CLANG_WARN_EMPTY_BODY = YES;
				CLANG_WARN_ENUM_CONVERSION = YES;
				CLANG_WARN_INT_CONVERSION = YES;
				CLANG_WARN_OBJC_ROOT_CLASS = YES_ERROR;
				CLANG_WARN_UNREACHABLE_CODE = YES;
				CLANG_WARN__DUPLICATE_METHOD_MATCH = YES;
				"CODE_SIGN_IDENTITY[sdk=iphoneos*]" = "iPhone Developer";
				COPY_PHASE_STRIP = NO;
				DEBUG_INFORMATION_FORMAT = "dwarf-with-dsym";
				ENABLE_NS_ASSERTIONS = NO;
				ENABLE_STRICT_OBJC_MSGSEND = YES;
				GCC_C_LANGUAGE_STANDARD = gnu99;
				GCC_NO_COMMON_BLOCKS = YES;
				GCC_WARN_64_TO_32_BIT_CONVERSION = YES;
				GCC_WARN_ABOUT_RETURN_TYPE = YES_ERROR;
				GCC_WARN_UNDECLARED_SELECTOR = YES;
				GCC_WARN_UNINITIALIZED_AUTOS = YES_AGGRESSIVE;
				GCC_WARN_UNUSED_FUNCTION = YES;
				GCC_WARN_UNUSED_VARIABLE = YES;
				IPHONEOS_DEPLOYMENT_TARGET = 8.3;
				MTL_ENABLE_DEBUG_INFO = NO;
				SDKROOT = iphoneos;
				VALIDATE_PRODUCT = YES;
			};
			name = Release;
		};
		3C2937D41AF3F6E900399A21 /* Debug */ = {
			isa = XCBuildConfiguration;
			buildSettings = {
				ASSETCATALOG_COMPILER_APPICON_NAME = AppIcon;
				INFOPLIST_FILE = LoyaltyOne/Info.plist;
				LD_RUNPATH_SEARCH_PATHS = "$(inherited) @executable_path/Frameworks";
				PRODUCT_NAME = "$(TARGET_NAME)";
				SWIFT_OBJC_BRIDGING_HEADER = "LoyaltyOne/Bridging-Header.h";
			};
			name = Debug;
		};
		3C2937D51AF3F6E900399A21 /* Release */ = {
			isa = XCBuildConfiguration;
			buildSettings = {
				ASSETCATALOG_COMPILER_APPICON_NAME = AppIcon;
				INFOPLIST_FILE = LoyaltyOne/Info.plist;
				LD_RUNPATH_SEARCH_PATHS = "$(inherited) @executable_path/Frameworks";
				PRODUCT_NAME = "$(TARGET_NAME)";
				SWIFT_OBJC_BRIDGING_HEADER = "LoyaltyOne/Bridging-Header.h";
			};
			name = Release;
		};
		3C2937D71AF3F6E900399A21 /* Debug */ = {
			isa = XCBuildConfiguration;
			buildSettings = {
				BUNDLE_LOADER = "$(TEST_HOST)";
				FRAMEWORK_SEARCH_PATHS = (
					"$(SDKROOT)/Developer/Library/Frameworks",
					"$(inherited)",
				);
				GCC_PREPROCESSOR_DEFINITIONS = (
					"DEBUG=1",
					"$(inherited)",
				);
				INFOPLIST_FILE = LoyaltyOneTests/Info.plist;
				LD_RUNPATH_SEARCH_PATHS = "$(inherited) @executable_path/Frameworks @loader_path/Frameworks";
				PRODUCT_NAME = "$(TARGET_NAME)";
				TEST_HOST = "$(BUILT_PRODUCTS_DIR)/LoyaltyOne.app/LoyaltyOne";
			};
			name = Debug;
		};
		3C2937D81AF3F6E900399A21 /* Release */ = {
			isa = XCBuildConfiguration;
			buildSettings = {
				BUNDLE_LOADER = "$(TEST_HOST)";
				FRAMEWORK_SEARCH_PATHS = (
					"$(SDKROOT)/Developer/Library/Frameworks",
					"$(inherited)",
				);
				INFOPLIST_FILE = LoyaltyOneTests/Info.plist;
				LD_RUNPATH_SEARCH_PATHS = "$(inherited) @executable_path/Frameworks @loader_path/Frameworks";
				PRODUCT_NAME = "$(TARGET_NAME)";
				TEST_HOST = "$(BUILT_PRODUCTS_DIR)/LoyaltyOne.app/LoyaltyOne";
			};
			name = Release;
		};
/* End XCBuildConfiguration section */

/* Begin XCConfigurationList section */
		3C2937AF1AF3F6E900399A21 /* Build configuration list for PBXProject "LoyaltyOne" */ = {
			isa = XCConfigurationList;
			buildConfigurations = (
				3C2937D11AF3F6E900399A21 /* Debug */,
				3C2937D21AF3F6E900399A21 /* Release */,
			);
			defaultConfigurationIsVisible = 0;
			defaultConfigurationName = Release;
		};
		3C2937D31AF3F6E900399A21 /* Build configuration list for PBXNativeTarget "LoyaltyOne" */ = {
			isa = XCConfigurationList;
			buildConfigurations = (
				3C2937D41AF3F6E900399A21 /* Debug */,
				3C2937D51AF3F6E900399A21 /* Release */,
			);
			defaultConfigurationIsVisible = 0;
			defaultConfigurationName = Release;
		};
		3C2937D61AF3F6E900399A21 /* Build configuration list for PBXNativeTarget "LoyaltyOneTests" */ = {
			isa = XCConfigurationList;
			buildConfigurations = (
				3C2937D71AF3F6E900399A21 /* Debug */,
				3C2937D81AF3F6E900399A21 /* Release */,
			);
			defaultConfigurationIsVisible = 0;
			defaultConfigurationName = Release;
		};
/* End XCConfigurationList section */
	};
	rootObject = 3C2937AC1AF3F6E900399A21 /* Project object */;
}
